{
  "name": "tap-public-monorepo",
  "version": "0.0.0",
  "lockfileVersion": 3,
  "requires": true,
  "packages": {
    "": {
      "name": "tap-public-monorepo",
      "version": "0.0.0",
      "license": "MIT",
      "workspaces": [
        "packages/spec",
        "packages/from-playwright",
        "packages/from-puppeteer",
        "packages/from-stagehand",
        "packages/create-tap-script"
      ]
    },
    "node_modules/@taprun/from-playwright": {
      "resolved": "packages/from-playwright",
      "link": true
    },
    "node_modules/@taprun/from-puppeteer": {
      "resolved": "packages/from-puppeteer",
      "link": true
    },
    "node_modules/@taprun/from-stagehand": {
      "resolved": "packages/from-stagehand",
      "link": true
    },
    "node_modules/@taprun/spec": {
      "resolved": "packages/spec",
      "link": true
    },
    "node_modules/@types/node": {
      "version": "22.19.17",
      "resolved": "https://registry.npmjs.org/@types/node/-/node-22.19.17.tgz",
      "integrity": "sha512-wGdMcf+vPYM6jikpS/qhg6WiqSV/OhG+jeeHT/KlVqxYfD40iYJf9/AE1uQxVWFvU7MipKRkRv8NSHiCGgPr8Q==",
      "dev": true,
      "license": "MIT",
      "dependencies": {
        "undici-types": "~6.21.0"
      }
    },
    "node_modules/create-tap-script": {
      "resolved": "packages/create-tap-script",
      "link": true
    },
    "node_modules/typescript": {
      "version": "5.9.3",
      "resolved": "https://registry.npmjs.org/typescript/-/typescript-5.9.3.tgz",
      "integrity": "sha512-jl1vZzPDinLr9eUt3J/t7V6FgNEw9QjvBPdysz9KfQDD41fQrC2Y4vKQdiaUpFT4bXlb1RHhLpp8wtm6M5TgSw==",
      "dev": true,
      "license": "Apache-2.0",
      "bin": {
        "tsc": "bin/tsc",
        "tsserver": "bin/tsserver"
      },
      "engines": {
        "node": ">=14.17"
      }
    },
    "node_modules/undici-types": {
      "version": "6.21.0",
      "resolved": "https://registry.npmjs.org/undici-types/-/undici-types-6.21.0.tgz",
      "integrity": "sha512-iwDZqg0QAGrg9Rav5H4n0M64c3mkR59cJ6wQp+7C4nI0gsmExaedaYLNO44eT4AtBBwjbTiGPMlt2Md0T9H9JQ==",
      "dev": true,
      "license": "MIT"
    },
    "packages/create-tap-script": {
      "version": "0.1.2",
      "license": "MIT",
      "bin": {
        "create-tap-script": "dist/cli.js"
      },
      "devDependencies": {
        "@taprun/spec": "^0.4.0",
        "@types/node": "^22.0.0",
        "typescript": "^5.5.0"
      },
      "engines": {
        "node": ">=18"
      }
    },
    "packages/from-playwright": {
      "name": "@taprun/from-playwright",
      "version": "0.1.2",
      "license": "MIT",
      "devDependencies": {
        "@taprun/spec": "^0.4.0",
        "typescript": "^5.5.0"
      },
      "engines": {
        "node": ">=18"
      },
      "peerDependencies": {
        "@taprun/spec": "^0.4.0"
      }
    },
    "packages/from-puppeteer": {
      "name": "@taprun/from-puppeteer",
      "version": "0.1.2",
      "license": "MIT",
      "devDependencies": {
        "@taprun/spec": "^0.4.0",
        "typescript": "^5.5.0"
      },
      "engines": {
        "node": ">=18"
      },
      "peerDependencies": {
        "@taprun/spec": "^0.4.0"
      }
    },
    "packages/from-stagehand": {
      "name": "@taprun/from-stagehand",
      "version": "0.1.2",
      "license": "MIT",
      "devDependencies": {
        "@taprun/spec": "^0.4.0",
        "typescript": "^5.5.0"
      },
      "engines": {
        "node": ">=18"
      },
      "peerDependencies": {
        "@taprun/spec": "^0.4.0"
      }
    },
    "packages/spec": {
      "name": "@taprun/spec",
      "version": "0.4.2",
      "license": "MIT",
      "devDependencies": {
        "typescript": "^5.5.0"
      },
      "engines": {
        "node": ">=18"
      }
    }
  }
}
